// !$*UTF8*$!
{
	archiveVersion = 1;
	classes = {
	};
	objectVersion = 51;
	objects = {

/* Begin PBXBuildFile section */
		102E9AF7D1A783176F86017E /* Pods_MobileMan.framework in Frameworks */ = {isa = PBXBuildFile; fileRef = AF602AF1B263C5724876D779 /* Pods_MobileMan.framework */; };
		2652064E22E1CAC700D76E85 /* LaunchViewController.swift in Sources */ = {isa = PBXBuildFile; fileRef = 2652064D22E1CAC700D76E85 /* LaunchViewController.swift */; };
		2652065222E5B5EE00D76E85 /* ViewControllerSpec.swift in Sources */ = {isa = PBXBuildFile; fileRef = 2652065122E5B5EE00D76E85 /* ViewControllerSpec.swift */; };
		2652065422E5BB3700D76E85 /* calcAreaSpec.swift in Sources */ = {isa = PBXBuildFile; fileRef = 2652065322E5BB3700D76E85 /* calcAreaSpec.swift */; };
		2652065622E5BBAA00D76E85 /* CalcArea.swift in Sources */ = {isa = PBXBuildFile; fileRef = 2652065522E5BBA900D76E85 /* CalcArea.swift */; };
		267F644D22E84D2A00A357AF /* MainViewController.swift in Sources */ = {isa = PBXBuildFile; fileRef = 267F644C22E84D2A00A357AF /* MainViewController.swift */; };
		26CEFEAF22DEE1AE00B54BE3 /* AppDelegate.swift in Sources */ = {isa = PBXBuildFile; fileRef = 26CEFEAE22DEE1AE00B54BE3 /* AppDelegate.swift */; };
		26CEFEB122DEE1AE00B54BE3 /* ViewController.swift in Sources */ = {isa = PBXBuildFile; fileRef = 26CEFEB022DEE1AE00B54BE3 /* ViewController.swift */; };
		26CEFEB622DEE1B000B54BE3 /* Assets.xcassets in Resources */ = {isa = PBXBuildFile; fileRef = 26CEFEB522DEE1B000B54BE3 /* Assets.xcassets */; };
		26CEFEC422DEE1B000B54BE3 /* MobileManTests.swift in Sources */ = {isa = PBXBuildFile; fileRef = 26CEFEC322DEE1B000B54BE3 /* MobileManTests.swift */; };
		26CEFECF22DEE1B000B54BE3 /* MobileManUITests.swift in Sources */ = {isa = PBXBuildFile; fileRef = 26CEFECE22DEE1B000B54BE3 /* MobileManUITests.swift */; };
		26FCF59022F97D3B00086523 /* ArticleRequest.swift in Sources */ = {isa = PBXBuildFile; fileRef = 267F647B22E9702400A357AF /* ArticleRequest.swift */; };
		26FCF59122F97D3B00086523 /* ArticleModel.swift in Sources */ = {isa = PBXBuildFile; fileRef = 267F647722E96FF900A357AF /* ArticleModel.swift */; };
		26FCF59222F97D3B00086523 /* ArticleResponse.swift in Sources */ = {isa = PBXBuildFile; fileRef = 267F647922E9700C00A357AF /* ArticleResponse.swift */; };
		26FCF59422F9826B00086523 /* ArticleConfig.swift in Sources */ = {isa = PBXBuildFile; fileRef = 26FCF59322F9826B00086523 /* ArticleConfig.swift */; };
		26FCF598230A41D200086523 /* EnvConfigController.swift in Sources */ = {isa = PBXBuildFile; fileRef = 26FCF596230A41D200086523 /* EnvConfigController.swift */; };
		26FCF599230A41D200086523 /* EnvConfig.swift in Sources */ = {isa = PBXBuildFile; fileRef = 26FCF597230A41D200086523 /* EnvConfig.swift */; };
		D770E9D5C04E881E42FC9F91 /* Pods_MobileManUITests.framework in Frameworks */ = {isa = PBXBuildFile; fileRef = 882E95DBA6D2841FBBE0AEE7 /* Pods_MobileManUITests.framework */; };
		F3AABAA923C9DE2E3983704F /* Pods_MobileManTests.framework in Frameworks */ = {isa = PBXBuildFile; fileRef = 0D2ED91B367AEBCF42E586FA /* Pods_MobileManTests.framework */; };
/* End PBXBuildFile section */

/* Begin PBXContainerItemProxy section */
		26CEFEC022DEE1B000B54BE3 /* PBXContainerItemProxy */ = {
			isa = PBXContainerItemProxy;
			containerPortal = 26CEFEA322DEE1AE00B54BE3 /* Project object */;
			proxyType = 1;
			remoteGlobalIDString = 26CEFEAA22DEE1AE00B54BE3;
			remoteInfo = MobileMan;
		};
		26CEFECB22DEE1B000B54BE3 /* PBXContainerItemProxy */ = {
			isa = PBXContainerItemProxy;
			containerPortal = 26CEFEA322DEE1AE00B54BE3 /* Project object */;
			proxyType = 1;
			remoteGlobalIDString = 26CEFEAA22DEE1AE00B54BE3;
			remoteInfo = MobileMan;
		};
/* End PBXContainerItemProxy section */

/* Begin PBXCopyFilesBuildPhase section */
		26CEFF0022DF182100B54BE3 /* Embed Frameworks */ = {
			isa = PBXCopyFilesBuildPhase;
			buildActionMask = 2147483647;
			dstPath = "";
			dstSubfolderSpec = 10;
			files = (
			);
			name = "Embed Frameworks";
			runOnlyForDeploymentPostprocessing = 0;
		};
/* End PBXCopyFilesBuildPhase section */

/* Begin PBXFileReference section */
		0D2ED91B367AEBCF42E586FA /* Pods_MobileManTests.framework */ = {isa = PBXFileReference; explicitFileType = wrapper.framework; includeInIndex = 0; path = Pods_MobileManTests.framework; sourceTree = BUILT_PRODUCTS_DIR; };
		2652064D22E1CAC700D76E85 /* LaunchViewController.swift */ = {isa = PBXFileReference; lastKnownFileType = sourcecode.swift; path = LaunchViewController.swift; sourceTree = "<group>"; };
		2652065122E5B5EE00D76E85 /* ViewControllerSpec.swift */ = {isa = PBXFileReference; lastKnownFileType = sourcecode.swift; path = ViewControllerSpec.swift; sourceTree = "<group>"; };
		2652065322E5BB3700D76E85 /* calcAreaSpec.swift */ = {isa = PBXFileReference; lastKnownFileType = sourcecode.swift; path = calcAreaSpec.swift; sourceTree = "<group>"; };
		2652065522E5BBA900D76E85 /* CalcArea.swift */ = {isa = PBXFileReference; lastKnownFileType = sourcecode.swift; path = CalcArea.swift; sourceTree = "<group>"; };
		267F644C22E84D2A00A357AF /* MainViewController.swift */ = {isa = PBXFileReference; lastKnownFileType = sourcecode.swift; path = MainViewController.swift; sourceTree = "<group>"; };
		267F647722E96FF900A357AF /* ArticleModel.swift */ = {isa = PBXFileReference; lastKnownFileType = sourcecode.swift; path = ArticleModel.swift; sourceTree = "<group>"; };
		267F647922E9700C00A357AF /* ArticleResponse.swift */ = {isa = PBXFileReference; lastKnownFileType = sourcecode.swift; path = ArticleResponse.swift; sourceTree = "<group>"; };
		267F647B22E9702400A357AF /* ArticleRequest.swift */ = {isa = PBXFileReference; lastKnownFileType = sourcecode.swift; path = ArticleRequest.swift; sourceTree = "<group>"; };
		26CEFEAB22DEE1AE00B54BE3 /* MobileMan.app */ = {isa = PBXFileReference; explicitFileType = wrapper.application; includeInIndex = 0; path = MobileMan.app; sourceTree = BUILT_PRODUCTS_DIR; };
		26CEFEAE22DEE1AE00B54BE3 /* AppDelegate.swift */ = {isa = PBXFileReference; lastKnownFileType = sourcecode.swift; path = AppDelegate.swift; sourceTree = "<group>"; };
		26CEFEB022DEE1AE00B54BE3 /* ViewController.swift */ = {isa = PBXFileReference; lastKnownFileType = sourcecode.swift; path = ViewController.swift; sourceTree = "<group>"; };
		26CEFEB522DEE1B000B54BE3 /* Assets.xcassets */ = {isa = PBXFileReference; lastKnownFileType = folder.assetcatalog; path = Assets.xcassets; sourceTree = "<group>"; };
		26CEFEBA22DEE1B000B54BE3 /* Info.plist */ = {isa = PBXFileReference; lastKnownFileType = text.plist.xml; path = Info.plist; sourceTree = "<group>"; };
		26CEFEBF22DEE1B000B54BE3 /* MobileManTests.xctest */ = {isa = PBXFileReference; explicitFileType = wrapper.cfbundle; includeInIndex = 0; path = MobileManTests.xctest; sourceTree = BUILT_PRODUCTS_DIR; };
		26CEFEC322DEE1B000B54BE3 /* MobileManTests.swift */ = {isa = PBXFileReference; lastKnownFileType = sourcecode.swift; path = MobileManTests.swift; sourceTree = "<group>"; };
		26CEFEC522DEE1B000B54BE3 /* Info.plist */ = {isa = PBXFileReference; lastKnownFileType = text.plist.xml; path = Info.plist; sourceTree = "<group>"; };
		26CEFECA22DEE1B000B54BE3 /* MobileManUITests.xctest */ = {isa = PBXFileReference; explicitFileType = wrapper.cfbundle; includeInIndex = 0; path = MobileManUITests.xctest; sourceTree = BUILT_PRODUCTS_DIR; };
		26CEFECE22DEE1B000B54BE3 /* MobileManUITests.swift */ = {isa = PBXFileReference; lastKnownFileType = sourcecode.swift; path = MobileManUITests.swift; sourceTree = "<group>"; };
		26CEFED022DEE1B000B54BE3 /* Info.plist */ = {isa = PBXFileReference; lastKnownFileType = text.plist.xml; path = Info.plist; sourceTree = "<group>"; };
		26CEFF0722DF222E00B54BE3 /* MobileMan-Bridging-Header.h */ = {isa = PBXFileReference; lastKnownFileType = sourcecode.c.h; path = "MobileMan-Bridging-Header.h"; sourceTree = "<group>"; };
		26FCF59322F9826B00086523 /* ArticleConfig.swift */ = {isa = PBXFileReference; lastKnownFileType = sourcecode.swift; path = ArticleConfig.swift; sourceTree = "<group>"; };
		26FCF596230A41D200086523 /* EnvConfigController.swift */ = {isa = PBXFileReference; fileEncoding = 4; lastKnownFileType = sourcecode.swift; path = EnvConfigController.swift; sourceTree = "<group>"; };
		26FCF597230A41D200086523 /* EnvConfig.swift */ = {isa = PBXFileReference; fileEncoding = 4; lastKnownFileType = sourcecode.swift; path = EnvConfig.swift; sourceTree = "<group>"; };
		60F70D9A88094B29D4F3B6FA /* Pods-MobileMan.debug.xcconfig */ = {isa = PBXFileReference; includeInIndex = 1; lastKnownFileType = text.xcconfig; name = "Pods-MobileMan.debug.xcconfig"; path = "Target Support Files/Pods-MobileMan/Pods-MobileMan.debug.xcconfig"; sourceTree = "<group>"; };
		841DB58F5A8AF787767D5DC0 /* Pods-MobileManTests.release.xcconfig */ = {isa = PBXFileReference; includeInIndex = 1; lastKnownFileType = text.xcconfig; name = "Pods-MobileManTests.release.xcconfig"; path = "Target Support Files/Pods-MobileManTests/Pods-MobileManTests.release.xcconfig"; sourceTree = "<group>"; };
		882E95DBA6D2841FBBE0AEE7 /* Pods_MobileManUITests.framework */ = {isa = PBXFileReference; explicitFileType = wrapper.framework; includeInIndex = 0; path = Pods_MobileManUITests.framework; sourceTree = BUILT_PRODUCTS_DIR; };
		AF602AF1B263C5724876D779 /* Pods_MobileMan.framework */ = {isa = PBXFileReference; explicitFileType = wrapper.framework; includeInIndex = 0; path = Pods_MobileMan.framework; sourceTree = BUILT_PRODUCTS_DIR; };
		C0BA3F5BEF684C9FE39F51AF /* Pods-MobileManUITests.release.xcconfig */ = {isa = PBXFileReference; includeInIndex = 1; lastKnownFileType = text.xcconfig; name = "Pods-MobileManUITests.release.xcconfig"; path = "Target Support Files/Pods-MobileManUITests/Pods-MobileManUITests.release.xcconfig"; sourceTree = "<group>"; };
		CDE6E10EEB8630F20947A8AA /* Pods-MobileManUITests.debug.xcconfig */ = {isa = PBXFileReference; includeInIndex = 1; lastKnownFileType = text.xcconfig; name = "Pods-MobileManUITests.debug.xcconfig"; path = "Target Support Files/Pods-MobileManUITests/Pods-MobileManUITests.debug.xcconfig"; sourceTree = "<group>"; };
		D8C8A683EC87731A6EC0B65F /* Pods-MobileManTests.debug.xcconfig */ = {isa = PBXFileReference; includeInIndex = 1; lastKnownFileType = text.xcconfig; name = "Pods-MobileManTests.debug.xcconfig"; path = "Target Support Files/Pods-MobileManTests/Pods-MobileManTests.debug.xcconfig"; sourceTree = "<group>"; };
		DBC48024FA506ECF8BFD6F28 /* Pods-MobileMan.release.xcconfig */ = {isa = PBXFileReference; includeInIndex = 1; lastKnownFileType = text.xcconfig; name = "Pods-MobileMan.release.xcconfig"; path = "Target Support Files/Pods-MobileMan/Pods-MobileMan.release.xcconfig"; sourceTree = "<group>"; };
/* End PBXFileReference section */

/* Begin PBXFrameworksBuildPhase section */
		26CEFEA822DEE1AE00B54BE3 /* Frameworks */ = {
			isa = PBXFrameworksBuildPhase;
			buildActionMask = 2147483647;
			files = (
				102E9AF7D1A783176F86017E /* Pods_MobileMan.framework in Frameworks */,
			);
			runOnlyForDeploymentPostprocessing = 0;
		};
		26CEFEBC22DEE1B000B54BE3 /* Frameworks */ = {
			isa = PBXFrameworksBuildPhase;
			buildActionMask = 2147483647;
			files = (
				F3AABAA923C9DE2E3983704F /* Pods_MobileManTests.framework in Frameworks */,
			);
			runOnlyForDeploymentPostprocessing = 0;
		};
		26CEFEC722DEE1B000B54BE3 /* Frameworks */ = {
			isa = PBXFrameworksBuildPhase;
			buildActionMask = 2147483647;
			files = (
				D770E9D5C04E881E42FC9F91 /* Pods_MobileManUITests.framework in Frameworks */,
			);
			runOnlyForDeploymentPostprocessing = 0;
		};
/* End PBXFrameworksBuildPhase section */

/* Begin PBXGroup section */
		1EDCB6333534BC8296DDDCC4 /* Frameworks */ = {
			isa = PBXGroup;
			children = (
				AF602AF1B263C5724876D779 /* Pods_MobileMan.framework */,
				0D2ED91B367AEBCF42E586FA /* Pods_MobileManTests.framework */,
				882E95DBA6D2841FBBE0AEE7 /* Pods_MobileManUITests.framework */,
			);
			name = Frameworks;
			sourceTree = "<group>";
		};
		2652064C22E1CA9D00D76E85 /* Core */ = {
			isa = PBXGroup;
			children = (
				2652064D22E1CAC700D76E85 /* LaunchViewController.swift */,
				267F644C22E84D2A00A357AF /* MainViewController.swift */,
			);
			path = Core;
			sourceTree = "<group>";
		};
		26CEFEA222DEE1AE00B54BE3 = {
			isa = PBXGroup;
			children = (
				26CEFEAD22DEE1AE00B54BE3 /* MobileMan */,
				26CEFEC222DEE1B000B54BE3 /* MobileManTests */,
				26CEFECD22DEE1B000B54BE3 /* MobileManUITests */,
				26CEFEAC22DEE1AE00B54BE3 /* Products */,
				F860FDDD93F3A6F44222B14E /* Pods */,
				1EDCB6333534BC8296DDDCC4 /* Frameworks */,
			);
			sourceTree = "<group>";
		};
		26CEFEAC22DEE1AE00B54BE3 /* Products */ = {
			isa = PBXGroup;
			children = (
				26CEFEAB22DEE1AE00B54BE3 /* MobileMan.app */,
				26CEFEBF22DEE1B000B54BE3 /* MobileManTests.xctest */,
				26CEFECA22DEE1B000B54BE3 /* MobileManUITests.xctest */,
			);
			name = Products;
			sourceTree = "<group>";
		};
		26CEFEAD22DEE1AE00B54BE3 /* MobileMan */ = {
			isa = PBXGroup;
			children = (
				26FCF595230A41BD00086523 /* Util */,
				26FCF59322F9826B00086523 /* ArticleConfig.swift */,
				267F647722E96FF900A357AF /* ArticleModel.swift */,
				267F647922E9700C00A357AF /* ArticleResponse.swift */,
				267F647B22E9702400A357AF /* ArticleRequest.swift */,
				2652064C22E1CA9D00D76E85 /* Core */,
				26CEFEAE22DEE1AE00B54BE3 /* AppDelegate.swift */,
				26CEFEB022DEE1AE00B54BE3 /* ViewController.swift */,
				26CEFEB522DEE1B000B54BE3 /* Assets.xcassets */,
				26CEFEBA22DEE1B000B54BE3 /* Info.plist */,
				26CEFF0722DF222E00B54BE3 /* MobileMan-Bridging-Header.h */,
				2652065522E5BBA900D76E85 /* CalcArea.swift */,
			);
			path = MobileMan;
			sourceTree = "<group>";
		};
		26CEFEC222DEE1B000B54BE3 /* MobileManTests */ = {
			isa = PBXGroup;
			children = (
				2652065322E5BB3700D76E85 /* calcAreaSpec.swift */,
				2652065122E5B5EE00D76E85 /* ViewControllerSpec.swift */,
				26CEFEC322DEE1B000B54BE3 /* MobileManTests.swift */,
				26CEFEC522DEE1B000B54BE3 /* Info.plist */,
			);
			path = MobileManTests;
			sourceTree = "<group>";
		};
		26CEFECD22DEE1B000B54BE3 /* MobileManUITests */ = {
			isa = PBXGroup;
			children = (
				26CEFECE22DEE1B000B54BE3 /* MobileManUITests.swift */,
				26CEFED022DEE1B000B54BE3 /* Info.plist */,
			);
			path = MobileManUITests;
			sourceTree = "<group>";
		};
		26FCF595230A41BD00086523 /* Util */ = {
			isa = PBXGroup;
			children = (
				26FCF59A230A481600086523 /* EnvConfig */,
			);
			path = Util;
			sourceTree = "<group>";
		};
		26FCF59A230A481600086523 /* EnvConfig */ = {
			isa = PBXGroup;
			children = (
				26FCF597230A41D200086523 /* EnvConfig.swift */,
				26FCF596230A41D200086523 /* EnvConfigController.swift */,
			);
			path = EnvConfig;
			sourceTree = "<group>";
		};
		F860FDDD93F3A6F44222B14E /* Pods */ = {
			isa = PBXGroup;
			children = (
				60F70D9A88094B29D4F3B6FA /* Pods-MobileMan.debug.xcconfig */,
				DBC48024FA506ECF8BFD6F28 /* Pods-MobileMan.release.xcconfig */,
				D8C8A683EC87731A6EC0B65F /* Pods-MobileManTests.debug.xcconfig */,
				841DB58F5A8AF787767D5DC0 /* Pods-MobileManTests.release.xcconfig */,
				CDE6E10EEB8630F20947A8AA /* Pods-MobileManUITests.debug.xcconfig */,
				C0BA3F5BEF684C9FE39F51AF /* Pods-MobileManUITests.release.xcconfig */,
			);
			path = Pods;
			sourceTree = "<group>";
		};
/* End PBXGroup section */

/* Begin PBXNativeTarget section */
		26CEFEAA22DEE1AE00B54BE3 /* MobileMan */ = {
			isa = PBXNativeTarget;
			buildConfigurationList = 26CEFED322DEE1B000B54BE3 /* Build configuration list for PBXNativeTarget "MobileMan" */;
			buildPhases = (
				A1EB8C1EA4BA5806F7649F62 /* [CP] Check Pods Manifest.lock */,
				26CEFEA722DEE1AE00B54BE3 /* Sources */,
				26CEFEA822DEE1AE00B54BE3 /* Frameworks */,
				26CEFEA922DEE1AE00B54BE3 /* Resources */,
				52A574E979167960C21C2F6D /* [CP] Embed Pods Frameworks */,
				26CEFF0022DF182100B54BE3 /* Embed Frameworks */,
			);
			buildRules = (
			);
			dependencies = (
			);
			name = MobileMan;
			productName = MobileMan;
			productReference = 26CEFEAB22DEE1AE00B54BE3 /* MobileMan.app */;
			productType = "com.apple.product-type.application";
		};
		26CEFEBE22DEE1B000B54BE3 /* MobileManTests */ = {
			isa = PBXNativeTarget;
			buildConfigurationList = 26CEFED622DEE1B000B54BE3 /* Build configuration list for PBXNativeTarget "MobileManTests" */;
			buildPhases = (
				86476C5C404BD0AEC882D905 /* [CP] Check Pods Manifest.lock */,
				26CEFEBB22DEE1B000B54BE3 /* Sources */,
				26CEFEBC22DEE1B000B54BE3 /* Frameworks */,
				26CEFEBD22DEE1B000B54BE3 /* Resources */,
				DD133A217BEE7A395AB4224D /* [CP] Embed Pods Frameworks */,
			);
			buildRules = (
			);
			dependencies = (
				26CEFEC122DEE1B000B54BE3 /* PBXTargetDependency */,
			);
			name = MobileManTests;
			productName = MobileManTests;
			productReference = 26CEFEBF22DEE1B000B54BE3 /* MobileManTests.xctest */;
			productType = "com.apple.product-type.bundle.unit-test";
		};
		26CEFEC922DEE1B000B54BE3 /* MobileManUITests */ = {
			isa = PBXNativeTarget;
			buildConfigurationList = 26CEFED922DEE1B000B54BE3 /* Build configuration list for PBXNativeTarget "MobileManUITests" */;
			buildPhases = (
				5EDC7F384E4F430E927D240E /* [CP] Check Pods Manifest.lock */,
				26CEFEC622DEE1B000B54BE3 /* Sources */,
				26CEFEC722DEE1B000B54BE3 /* Frameworks */,
				26CEFEC822DEE1B000B54BE3 /* Resources */,
			);
			buildRules = (
			);
			dependencies = (
				26CEFECC22DEE1B000B54BE3 /* PBXTargetDependency */,
			);
			name = MobileManUITests;
			productName = MobileManUITests;
			productReference = 26CEFECA22DEE1B000B54BE3 /* MobileManUITests.xctest */;
			productType = "com.apple.product-type.bundle.ui-testing";
		};
/* End PBXNativeTarget section */

/* Begin PBXProject section */
		26CEFEA322DEE1AE00B54BE3 /* Project object */ = {
			isa = PBXProject;
			attributes = {
				LastSwiftUpdateCheck = 1020;
				LastUpgradeCheck = 1020;
				ORGANIZATIONNAME = wubaolai;
				TargetAttributes = {
					26CEFEAA22DEE1AE00B54BE3 = {
						CreatedOnToolsVersion = 10.2.1;
					};
					26CEFEBE22DEE1B000B54BE3 = {
						CreatedOnToolsVersion = 10.2.1;
						TestTargetID = 26CEFEAA22DEE1AE00B54BE3;
					};
					26CEFEC922DEE1B000B54BE3 = {
						CreatedOnToolsVersion = 10.2.1;
						TestTargetID = 26CEFEAA22DEE1AE00B54BE3;
					};
				};
			};
			buildConfigurationList = 26CEFEA622DEE1AE00B54BE3 /* Build configuration list for PBXProject "MobileMan" */;
			compatibilityVersion = "Xcode 9.3";
			developmentRegion = en;
			hasScannedForEncodings = 0;
			knownRegions = (
				en,
				Base,
			);
			mainGroup = 26CEFEA222DEE1AE00B54BE3;
			productRefGroup = 26CEFEAC22DEE1AE00B54BE3 /* Products */;
			projectDirPath = "";
			projectRoot = "";
			targets = (
				26CEFEAA22DEE1AE00B54BE3 /* MobileMan */,
				26CEFEBE22DEE1B000B54BE3 /* MobileManTests */,
				26CEFEC922DEE1B000B54BE3 /* MobileManUITests */,
			);
		};
/* End PBXProject section */

/* Begin PBXResourcesBuildPhase section */
		26CEFEA922DEE1AE00B54BE3 /* Resources */ = {
			isa = PBXResourcesBuildPhase;
			buildActionMask = 2147483647;
			files = (
				26CEFEB622DEE1B000B54BE3 /* Assets.xcassets in Resources */,
			);
			runOnlyForDeploymentPostprocessing = 0;
		};
		26CEFEBD22DEE1B000B54BE3 /* Resources */ = {
			isa = PBXResourcesBuildPhase;
			buildActionMask = 2147483647;
			files = (
			);
			runOnlyForDeploymentPostprocessing = 0;
		};
		26CEFEC822DEE1B000B54BE3 /* Resources */ = {
			isa = PBXResourcesBuildPhase;
			buildActionMask = 2147483647;
			files = (
			);
			runOnlyForDeploymentPostprocessing = 0;
		};
/* End PBXResourcesBuildPhase section */

/* Begin PBXShellScriptBuildPhase section */
		52A574E979167960C21C2F6D /* [CP] Embed Pods Frameworks */ = {
			isa = PBXShellScriptBuildPhase;
			buildActionMask = 2147483647;
			files = (
			);
			inputFileListPaths = (
				"${PODS_ROOT}/Target Support Files/Pods-MobileMan/Pods-MobileMan-frameworks-${CONFIGURATION}-input-files.xcfilelist",
			);
			name = "[CP] Embed Pods Frameworks";
			outputFileListPaths = (
				"${PODS_ROOT}/Target Support Files/Pods-MobileMan/Pods-MobileMan-frameworks-${CONFIGURATION}-output-files.xcfilelist",
			);
			runOnlyForDeploymentPostprocessing = 0;
			shellPath = /bin/sh;
			shellScript = "\"${PODS_ROOT}/Target Support Files/Pods-MobileMan/Pods-MobileMan-frameworks.sh\"\n";
			showEnvVarsInLog = 0;
		};
		5EDC7F384E4F430E927D240E /* [CP] Check Pods Manifest.lock */ = {
			isa = PBXShellScriptBuildPhase;
			buildActionMask = 2147483647;
			files = (
			);
			inputFileListPaths = (
			);
			inputPaths = (
				"${PODS_PODFILE_DIR_PATH}/Podfile.lock",
				"${PODS_ROOT}/Manifest.lock",
			);
			name = "[CP] Check Pods Manifest.lock";
			outputFileListPaths = (
			);
			outputPaths = (
				"$(DERIVED_FILE_DIR)/Pods-MobileManUITests-checkManifestLockResult.txt",
			);
			runOnlyForDeploymentPostprocessing = 0;
			shellPath = /bin/sh;
			shellScript = "diff \"${PODS_PODFILE_DIR_PATH}/Podfile.lock\" \"${PODS_ROOT}/Manifest.lock\" > /dev/null\nif [ $? != 0 ] ; then\n    # print error to STDERR\n    echo \"error: The sandbox is not in sync with the Podfile.lock. Run 'pod install' or update your CocoaPods installation.\" >&2\n    exit 1\nfi\n# This output is used by Xcode 'outputs' to avoid re-running this script phase.\necho \"SUCCESS\" > \"${SCRIPT_OUTPUT_FILE_0}\"\n";
			showEnvVarsInLog = 0;
		};
		86476C5C404BD0AEC882D905 /* [CP] Check Pods Manifest.lock */ = {
			isa = PBXShellScriptBuildPhase;
			buildActionMask = 2147483647;
			files = (
			);
			inputFileListPaths = (
			);
			inputPaths = (
				"${PODS_PODFILE_DIR_PATH}/Podfile.lock",
				"${PODS_ROOT}/Manifest.lock",
			);
			name = "[CP] Check Pods Manifest.lock";
			outputFileListPaths = (
			);
			outputPaths = (
				"$(DERIVED_FILE_DIR)/Pods-MobileManTests-checkManifestLockResult.txt",
			);
			runOnlyForDeploymentPostprocessing = 0;
			shellPath = /bin/sh;
			shellScript = "diff \"${PODS_PODFILE_DIR_PATH}/Podfile.lock\" \"${PODS_ROOT}/Manifest.lock\" > /dev/null\nif [ $? != 0 ] ; then\n    # print error to STDERR\n    echo \"error: The sandbox is not in sync with the Podfile.lock. Run 'pod install' or update your CocoaPods installation.\" >&2\n    exit 1\nfi\n# This output is used by Xcode 'outputs' to avoid re-running this script phase.\necho \"SUCCESS\" > \"${SCRIPT_OUTPUT_FILE_0}\"\n";
			showEnvVarsInLog = 0;
		};
		A1EB8C1EA4BA5806F7649F62 /* [CP] Check Pods Manifest.lock */ = {
			isa = PBXShellScriptBuildPhase;
			buildActionMask = 2147483647;
			files = (
			);
			inputFileListPaths = (
			);
			inputPaths = (
				"${PODS_PODFILE_DIR_PATH}/Podfile.lock",
				"${PODS_ROOT}/Manifest.lock",
			);
			name = "[CP] Check Pods Manifest.lock";
			outputFileListPaths = (
			);
			outputPaths = (
				"$(DERIVED_FILE_DIR)/Pods-MobileMan-checkManifestLockResult.txt",
			);
			runOnlyForDeploymentPostprocessing = 0;
			shellPath = /bin/sh;
			shellScript = "diff \"${PODS_PODFILE_DIR_PATH}/Podfile.lock\" \"${PODS_ROOT}/Manifest.lock\" > /dev/null\nif [ $? != 0 ] ; then\n    # print error to STDERR\n    echo \"error: The sandbox is not in sync with the Podfile.lock. Run 'pod install' or update your CocoaPods installation.\" >&2\n    exit 1\nfi\n# This output is used by Xcode 'outputs' to avoid re-running this script phase.\necho \"SUCCESS\" > \"${SCRIPT_OUTPUT_FILE_0}\"\n";
			showEnvVarsInLog = 0;
		};
		DD133A217BEE7A395AB4224D /* [CP] Embed Pods Frameworks */ = {
			isa = PBXShellScriptBuildPhase;
			buildActionMask = 2147483647;
			files = (
			);
			inputFileListPaths = (
				"${PODS_ROOT}/Target Support Files/Pods-MobileManTests/Pods-MobileManTests-frameworks-${CONFIGURATION}-input-files.xcfilelist",
			);
			name = "[CP] Embed Pods Frameworks";
			outputFileListPaths = (
				"${PODS_ROOT}/Target Support Files/Pods-MobileManTests/Pods-MobileManTests-frameworks-${CONFIGURATION}-output-files.xcfilelist",
			);
			runOnlyForDeploymentPostprocessing = 0;
			shellPath = /bin/sh;
			shellScript = "\"${PODS_ROOT}/Target Support Files/Pods-MobileManTests/Pods-MobileManTests-frameworks.sh\"\n";
			showEnvVarsInLog = 0;
		};
/* End PBXShellScriptBuildPhase section */

/* Begin PBXSourcesBuildPhase section */
		26CEFEA722DEE1AE00B54BE3 /* Sources */ = {
			isa = PBXSourcesBuildPhase;
			buildActionMask = 2147483647;
			files = (
				26CEFEB122DEE1AE00B54BE3 /* ViewController.swift in Sources */,
				2652065622E5BBAA00D76E85 /* CalcArea.swift in Sources */,
				26FCF59422F9826B00086523 /* ArticleConfig.swift in Sources */,
				26FCF59022F97D3B00086523 /* ArticleRequest.swift in Sources */,
				26FCF59222F97D3B00086523 /* ArticleResponse.swift in Sources */,
				26FCF599230A41D200086523 /* EnvConfig.swift in Sources */,
				2652064E22E1CAC700D76E85 /* LaunchViewController.swift in Sources */,
				26CEFEAF22DEE1AE00B54BE3 /* AppDelegate.swift in Sources */,
				26FCF598230A41D200086523 /* EnvConfigController.swift in Sources */,
				26FCF59122F97D3B00086523 /* ArticleModel.swift in Sources */,
				267F644D22E84D2A00A357AF /* MainViewController.swift in Sources */,
			);
			runOnlyForDeploymentPostprocessing = 0;
		};
		26CEFEBB22DEE1B000B54BE3 /* Sources */ = {
			isa = PBXSourcesBuildPhase;
			buildActionMask = 2147483647;
			files = (
				2652065422E5BB3700D76E85 /* calcAreaSpec.swift in Sources */,
				26CEFEC422DEE1B000B54BE3 /* MobileManTests.swift in Sources */,
				2652065222E5B5EE00D76E85 /* ViewControllerSpec.swift in Sources */,
			);
			runOnlyForDeploymentPostprocessing = 0;
		};
		26CEFEC622DEE1B000B54BE3 /* Sources */ = {
			isa = PBXSourcesBuildPhase;
			buildActionMask = 2147483647;
			files = (
				26CEFECF22DEE1B000B54BE3 /* MobileManUITests.swift in Sources */,
			);
			runOnlyForDeploymentPostprocessing = 0;
		};
/* End PBXSourcesBuildPhase section */

/* Begin PBXTargetDependency section */
		26CEFEC122DEE1B000B54BE3 /* PBXTargetDependency */ = {
			isa = PBXTargetDependency;
			target = 26CEFEAA22DEE1AE00B54BE3 /* MobileMan */;
			targetProxy = 26CEFEC022DEE1B000B54BE3 /* PBXContainerItemProxy */;
		};
		26CEFECC22DEE1B000B54BE3 /* PBXTargetDependency */ = {
			isa = PBXTargetDependency;
			target = 26CEFEAA22DEE1AE00B54BE3 /* MobileMan */;
			targetProxy = 26CEFECB22DEE1B000B54BE3 /* PBXContainerItemProxy */;
		};
/* End PBXTargetDependency section */

/* Begin XCBuildConfiguration section */
		26CEFED122DEE1B000B54BE3 /* Debug */ = {
			isa = XCBuildConfiguration;
			buildSettings = {
				ALWAYS_SEARCH_USER_PATHS = NO;
				CLANG_ANALYZER_NONNULL = YES;
				CLANG_ANALYZER_NUMBER_OBJECT_CONVERSION = YES_AGGRESSIVE;
				CLANG_CXX_LANGUAGE_STANDARD = "gnu++14";
				CLANG_CXX_LIBRARY = "libc++";
				CLANG_ENABLE_MODULES = YES;
				CLANG_ENABLE_OBJC_ARC = YES;
				CLANG_ENABLE_OBJC_WEAK = YES;
				CLANG_WARN_BLOCK_CAPTURE_AUTORELEASING = YES;
				CLANG_WARN_BOOL_CONVERSION = YES;
				CLANG_WARN_COMMA = YES;
				CLANG_WARN_CONSTANT_CONVERSION = YES;
				CLANG_WARN_DEPRECATED_OBJC_IMPLEMENTATIONS = YES;
				CLANG_WARN_DIRECT_OBJC_ISA_USAGE = YES_ERROR;
				CLANG_WARN_DOCUMENTATION_COMMENTS = YES;
				CLANG_WARN_EMPTY_BODY = YES;
				CLANG_WARN_ENUM_CONVERSION = YES;
				CLANG_WARN_INFINITE_RECURSION = YES;
				CLANG_WARN_INT_CONVERSION = YES;
				CLANG_WARN_NON_LITERAL_NULL_CONVERSION = YES;
				CLANG_WARN_OBJC_IMPLICIT_RETAIN_SELF = YES;
				CLANG_WARN_OBJC_LITERAL_CONVERSION = YES;
				CLANG_WARN_OBJC_ROOT_CLASS = YES_ERROR;
				CLANG_WARN_RANGE_LOOP_ANALYSIS = YES;
				CLANG_WARN_STRICT_PROTOTYPES = YES;
				CLANG_WARN_SUSPICIOUS_MOVE = YES;
				CLANG_WARN_UNGUARDED_AVAILABILITY = YES_AGGRESSIVE;
				CLANG_WARN_UNREACHABLE_CODE = YES;
				CLANG_WARN__DUPLICATE_METHOD_MATCH = YES;
				CODE_SIGN_IDENTITY = "iPhone Developer";
				COPY_PHASE_STRIP = NO;
				DEBUG_INFORMATION_FORMAT = dwarf;
				ENABLE_STRICT_OBJC_MSGSEND = YES;
				ENABLE_TESTABILITY = YES;
				GCC_C_LANGUAGE_STANDARD = gnu11;
				GCC_DYNAMIC_NO_PIC = NO;
				GCC_NO_COMMON_BLOCKS = YES;
				GCC_OPTIMIZATION_LEVEL = 0;
				GCC_PREPROCESSOR_DEFINITIONS = (
					"DEBUG=1",
					"$(inherited)",
				);
				GCC_WARN_64_TO_32_BIT_CONVERSION = YES;
				GCC_WARN_ABOUT_RETURN_TYPE = YES_ERROR;
				GCC_WARN_UNDECLARED_SELECTOR = YES;
				GCC_WARN_UNINITIALIZED_AUTOS = YES_AGGRESSIVE;
				GCC_WARN_UNUSED_FUNCTION = YES;
				GCC_WARN_UNUSED_VARIABLE = YES;
				IPHONEOS_DEPLOYMENT_TARGET = 9.0;
				MTL_ENABLE_DEBUG_INFO = INCLUDE_SOURCE;
				MTL_FAST_MATH = YES;
				ONLY_ACTIVE_ARCH = YES;
				SDKROOT = iphoneos;
				SWIFT_ACTIVE_COMPILATION_CONDITIONS = DEBUG;
				SWIFT_OPTIMIZATION_LEVEL = "-Onone";
			};
			name = Debug;
		};
		26CEFED222DEE1B000B54BE3 /* Release */ = {
			isa = XCBuildConfiguration;
			buildSettings = {
				ALWAYS_SEARCH_USER_PATHS = NO;
				CLANG_ANALYZER_NONNULL = YES;
				CLANG_ANALYZER_NUMBER_OBJECT_CONVERSION = YES_AGGRESSIVE;
				CLANG_CXX_LANGUAGE_STANDARD = "gnu++14";
				CLANG_CXX_LIBRARY = "libc++";
				CLANG_ENABLE_MODULES = YES;
				CLANG_ENABLE_OBJC_ARC = YES;
				CLANG_ENABLE_OBJC_WEAK = YES;
				CLANG_WARN_BLOCK_CAPTURE_AUTORELEASING = YES;
				CLANG_WARN_BOOL_CONVERSION = YES;
				CLANG_WARN_COMMA = YES;
				CLANG_WARN_CONSTANT_CONVERSION = YES;
				CLANG_WARN_DEPRECATED_OBJC_IMPLEMENTATIONS = YES;
				CLANG_WARN_DIRECT_OBJC_ISA_USAGE = YES_ERROR;
				CLANG_WARN_DOCUMENTATION_COMMENTS = YES;
				CLANG_WARN_EMPTY_BODY = YES;
				CLANG_WARN_ENUM_CONVERSION = YES;
				CLANG_WARN_INFINITE_RECURSION = YES;
				CLANG_WARN_INT_CONVERSION = YES;
				CLANG_WARN_NON_LITERAL_NULL_CONVERSION = YES;
				CLANG_WARN_OBJC_IMPLICIT_RETAIN_SELF = YES;
				CLANG_WARN_OBJC_LITERAL_CONVERSION = YES;
				CLANG_WARN_OBJC_ROOT_CLASS = YES_ERROR;
				CLANG_WARN_RANGE_LOOP_ANALYSIS = YES;
				CLANG_WARN_STRICT_PROTOTYPES = YES;
				CLANG_WARN_SUSPICIOUS_MOVE = YES;
				CLANG_WARN_UNGUARDED_AVAILABILITY = YES_AGGRESSIVE;
				CLANG_WARN_UNREACHABLE_CODE = YES;
				CLANG_WARN__DUPLICATE_METHOD_MATCH = YES;
				CODE_SIGN_IDENTITY = "iPhone Developer";
				COPY_PHASE_STRIP = NO;
				DEBUG_INFORMATION_FORMAT = "dwarf-with-dsym";
				ENABLE_NS_ASSERTIONS = NO;
				ENABLE_STRICT_OBJC_MSGSEND = YES;
				GCC_C_LANGUAGE_STANDARD = gnu11;
				GCC_NO_COMMON_BLOCKS = YES;
				GCC_WARN_64_TO_32_BIT_CONVERSION = YES;
				GCC_WARN_ABOUT_RETURN_TYPE = YES_ERROR;
				GCC_WARN_UNDECLARED_SELECTOR = YES;
				GCC_WARN_UNINITIALIZED_AUTOS = YES_AGGRESSIVE;
				GCC_WARN_UNUSED_FUNCTION = YES;
				GCC_WARN_UNUSED_VARIABLE = YES;
				IPHONEOS_DEPLOYMENT_TARGET = 9.0;
				MTL_ENABLE_DEBUG_INFO = NO;
				MTL_FAST_MATH = YES;
				SDKROOT = iphoneos;
				SWIFT_COMPILATION_MODE = wholemodule;
				SWIFT_OPTIMIZATION_LEVEL = "-O";
				VALIDATE_PRODUCT = YES;
			};
			name = Release;
		};
		26CEFED422DEE1B000B54BE3 /* Debug */ = {
			isa = XCBuildConfiguration;
			baseConfigurationReference = 60F70D9A88094B29D4F3B6FA /* Pods-MobileMan.debug.xcconfig */;
			buildSettings = {
				ALWAYS_EMBED_SWIFT_STANDARD_LIBRARIES = YES;
				ASSETCATALOG_COMPILER_APPICON_NAME = AppIcon;
				ASSETCATALOG_COMPILER_LAUNCHIMAGE_NAME = LaunchImage;
				CODE_SIGN_STYLE = Automatic;
				FRAMEWORK_SEARCH_PATHS = (
					"$(inherited)",
					"\"${PODS_CONFIGURATION_BUILD_DIR}/Alamofire\"",
					"\"${PODS_CONFIGURATION_BUILD_DIR}/DynamicBlurView\"",
					"\"${PODS_CONFIGURATION_BUILD_DIR}/HandyJSON\"",
					"\"${PODS_CONFIGURATION_BUILD_DIR}/MJRefresh\"",
					"\"${PODS_CONFIGURATION_BUILD_DIR}/ObjcExceptionBridging\"",
					"\"${PODS_CONFIGURATION_BUILD_DIR}/PopupDialog\"",
					"\"${PODS_CONFIGURATION_BUILD_DIR}/RxCocoa\"",
					"\"${PODS_CONFIGURATION_BUILD_DIR}/RxRelay\"",
					"\"${PODS_CONFIGURATION_BUILD_DIR}/RxSwift\"",
					"\"${PODS_CONFIGURATION_BUILD_DIR}/SQLite.swift\"",
					"\"${PODS_CONFIGURATION_BUILD_DIR}/SVProgressHUD\"",
					"\"${PODS_CONFIGURATION_BUILD_DIR}/SnapKit\"",
					"\"${PODS_CONFIGURATION_BUILD_DIR}/SystemServices\"",
					"\"${PODS_CONFIGURATION_BUILD_DIR}/Toast-Swift\"",
					"\"${PODS_CONFIGURATION_BUILD_DIR}/XCGLogger\"",
					"\"${PODS_ROOT}/Bugly\"",
					"\"$(BUILD_DIR)/Debug$(EFFECTIVE_PLATFORM_NAME)\"",
					"\"$(SRCROOT)/../../../../Library/Developer/Xcode/DerivedData/MobileMan-dwxnzrealheyamhhflpsurltqfdm/Build/Products/Debug-iphonesimulator/System.framework\"",
					"\"$(SRCROOT)/../../../../Library/Developer/Xcode/DerivedData/MobileMan-dwxnzrealheyamhhflpsurltqfdm/Build/Products/Debug-iphonesimulator/NetProvider.framework\"",
				);
				INFOPLIST_FILE = MobileMan/Info.plist;
				IPHONEOS_DEPLOYMENT_TARGET = 9.0;
				LD_RUNPATH_SEARCH_PATHS = (
					"$(inherited)",
					"@executable_path/Frameworks",
				);
				PRODUCT_BUNDLE_IDENTIFIER = dd.MobileMan;
				PRODUCT_NAME = "$(TARGET_NAME)";
				SWIFT_VERSION = 5.0;
				TARGETED_DEVICE_FAMILY = "1,2";
			};
			name = Debug;
		};
		26CEFED522DEE1B000B54BE3 /* Release */ = {
			isa = XCBuildConfiguration;
			baseConfigurationReference = DBC48024FA506ECF8BFD6F28 /* Pods-MobileMan.release.xcconfig */;
			buildSettings = {
				ALWAYS_EMBED_SWIFT_STANDARD_LIBRARIES = YES;
				ASSETCATALOG_COMPILER_APPICON_NAME = AppIcon;
				ASSETCATALOG_COMPILER_LAUNCHIMAGE_NAME = LaunchImage;
				CODE_SIGN_STYLE = Automatic;
				INFOPLIST_FILE = MobileMan/Info.plist;
				IPHONEOS_DEPLOYMENT_TARGET = 9.0;
				LD_RUNPATH_SEARCH_PATHS = (
					"$(inherited)",
					"@executable_path/Frameworks",
				);
				PRODUCT_BUNDLE_IDENTIFIER = dd.MobileMan;
				PRODUCT_NAME = "$(TARGET_NAME)";
				SWIFT_VERSION = 5.0;
				TARGETED_DEVICE_FAMILY = "1,2";
			};
			name = Release;
		};
		26CEFED722DEE1B000B54BE3 /* Debug */ = {
			isa = XCBuildConfiguration;
			baseConfigurationReference = D8C8A683EC87731A6EC0B65F /* Pods-MobileManTests.debug.xcconfig */;
			buildSettings = {
				ALWAYS_EMBED_SWIFT_STANDARD_LIBRARIES = YES;
				BUNDLE_LOADER = "$(TEST_HOST)";
				CODE_SIGN_STYLE = Automatic;
				INFOPLIST_FILE = MobileManTests/Info.plist;
				LD_RUNPATH_SEARCH_PATHS = (
					"$(inherited)",
					"@executable_path/Frameworks",
					"@loader_path/Frameworks",
				);
				PRODUCT_BUNDLE_IDENTIFIER = dd.MobileManTests;
				PRODUCT_NAME = "$(TARGET_NAME)";
				SWIFT_VERSION = 5.0;
				TARGETED_DEVICE_FAMILY = "1,2";
				TEST_HOST = "$(BUILT_PRODUCTS_DIR)/MobileMan.app/MobileMan";
			};
			name = Debug;
		};
		26CEFED822DEE1B000B54BE3 /* Release */ = {
			isa = XCBuildConfiguration;
			baseConfigurationReference = 841DB58F5A8AF787767D5DC0 /* Pods-MobileManTests.release.xcconfig */;
			buildSettings = {
				ALWAYS_EMBED_SWIFT_STANDARD_LIBRARIES = YES;
				BUNDLE_LOADER = "$(TEST_HOST)";
				CODE_SIGN_STYLE = Automatic;
				INFOPLIST_FILE = MobileManTests/Info.plist;
				LD_RUNPATH_SEARCH_PATHS = (
					"$(inherited)",
					"@executable_path/Frameworks",
					"@loader_path/Frameworks",
				);
				PRODUCT_BUNDLE_IDENTIFIER = dd.MobileManTests;
				PRODUCT_NAME = "$(TARGET_NAME)";
				SWIFT_VERSION = 5.0;
				TARGETED_DEVICE_FAMILY = "1,2";
				TEST_HOST = "$(BUILT_PRODUCTS_DIR)/MobileMan.app/MobileMan";
			};
			name = Release;
		};
		26CEFEDA22DEE1B000B54BE3 /* Debug */ = {
			isa = XCBuildConfiguration;
			baseConfigurationReference = CDE6E10EEB8630F20947A8AA /* Pods-MobileManUITests.debug.xcconfig */;
			buildSettings = {
				ALWAYS_EMBED_SWIFT_STANDARD_LIBRARIES = YES;
				CODE_SIGN_STYLE = Automatic;
				INFOPLIST_FILE = MobileManUITests/Info.plist;
				LD_RUNPATH_SEARCH_PATHS = (
					"$(inherited)",
					"@executable_path/Frameworks",
					"@loader_path/Frameworks",
				);
				PRODUCT_BUNDLE_IDENTIFIER = dd.MobileManUITests;
				PRODUCT_NAME = "$(TARGET_NAME)";
				SWIFT_VERSION = 5.0;
				TARGETED_DEVICE_FAMILY = "1,2";
				TEST_TARGET_NAME = MobileMan;
			};
			name = Debug;
		};
		26CEFEDB22DEE1B000B54BE3 /* Release */ = {
			isa = XCBuildConfiguration;
			baseConfigurationReference = C0BA3F5BEF684C9FE39F51AF /* Pods-MobileManUITests.release.xcconfig */;
			buildSettings = {
				ALWAYS_EMBED_SWIFT_STANDARD_LIBRARIES = YES;
				CODE_SIGN_STYLE = Automatic;
				INFOPLIST_FILE = MobileManUITests/Info.plist;
				LD_RUNPATH_SEARCH_PATHS = (
					"$(inherited)",
					"@executable_path/Frameworks",
					"@loader_path/Frameworks",
				);
				PRODUCT_BUNDLE_IDENTIFIER = dd.MobileManUITests;
				PRODUCT_NAME = "$(TARGET_NAME)";
				SWIFT_VERSION = 5.0;
				TARGETED_DEVICE_FAMILY = "1,2";
				TEST_TARGET_NAME = MobileMan;
			};
			name = Release;
		};
/* End XCBuildConfiguration section */

/* Begin XCConfigurationList section */
		26CEFEA622DEE1AE00B54BE3 /* Build configuration list for PBXProject "MobileMan" */ = {
			isa = XCConfigurationList;
			buildConfigurations = (
				26CEFED122DEE1B000B54BE3 /* Debug */,
				26CEFED222DEE1B000B54BE3 /* Release */,
			);
			defaultConfigurationIsVisible = 0;
			defaultConfigurationName = Release;
		};
		26CEFED322DEE1B000B54BE3 /* Build configuration list for PBXNativeTarget "MobileMan" */ = {
			isa = XCConfigurationList;
			buildConfigurations = (
				26CEFED422DEE1B000B54BE3 /* Debug */,
				26CEFED522DEE1B000B54BE3 /* Release */,
			);
			defaultConfigurationIsVisible = 0;
			defaultConfigurationName = Release;
		};
		26CEFED622DEE1B000B54BE3 /* Build configuration list for PBXNativeTarget "MobileManTests" */ = {
			isa = XCConfigurationList;
			buildConfigurations = (
				26CEFED722DEE1B000B54BE3 /* Debug */,
				26CEFED822DEE1B000B54BE3 /* Release */,
			);
			defaultConfigurationIsVisible = 0;
			defaultConfigurationName = Release;
		};
		26CEFED922DEE1B000B54BE3 /* Build configuration list for PBXNativeTarget "MobileManUITests" */ = {
			isa = XCConfigurationList;
			buildConfigurations = (
				26CEFEDA22DEE1B000B54BE3 /* Debug */,
				26CEFEDB22DEE1B000B54BE3 /* Release */,
			);
			defaultConfigurationIsVisible = 0;
			defaultConfigurationName = Release;
		};
/* End XCConfigurationList section */
	};
	rootObject = 26CEFEA322DEE1AE00B54BE3 /* Project object */;
}
